{
  "pins" : [
    {
      "identity" : "fp",
      "kind" : "remoteSourceControl",
      "location" : "https://github.com/luizmb/FP.git",
      "state" : {
        "revision" : "ac74e6fc0aed9bfa5791332cdbd36736b40455cf",
        "version" : "1.3.0"
      }
    },
    {
      "identity" : "networktools",
      "kind" : "remoteSourceControl",
      "location" : "https://github.com/luizmb/NetworkTools.git",
      "state" : {
        "revision" : "aff53afc698a798650154e7bd8d236f8fbe240a3",
        "version" : "0.1.0"
      }
    },
    {
      "identity" : "swift-atomics",
      "kind" : "remoteSourceControl",
      "location" : "https://github.com/apple/swift-atomics.git",
      "state" : {
        "revision" : "b601256eab081c0f92f059e12818ac1d4f178ff7",
        "version" : "1.3.0"
      }
    },
    {
      "identity" : "swift-collections",
      "kind" : "remoteSourceControl",
      "location" : "https://github.com/apple/swift-collections.git",
      "state" : {
        "revision" : "6675bc0ff86e61436e615df6fc5174e043e57924",
        "version" : "1.4.1"
      }
    },
    {
      "identity" : "swift-nio",
      "kind" : "remoteSourceControl",
      "location" : "https://github.com/apple/swift-nio.git",
      "state" : {
        "revision" : "cd6710454f25733900e133c6caf5188952763c36",
        "version" : "2.98.0"
      }
    },
    {
      "identity" : "swift-system",
      "kind" : "remoteSourceControl",
      "location" : "https://github.com/apple/swift-system.git",
      "state" : {
        "revision" : "7c6ad0fc39d0763e0b699210e4124afd5041c5df",
        "version" : "1.6.4"
      }
    }
  ],
  "version" : 2
}
